
Microsoft Visual Studio Solution File, Format Version 12.00
# Visual Studio Version 16
VisualStudioVersion = 16.0.29709.97
MinimumVisualStudioVersion = 10.0.40219.1
Project("{9A19103F-16F7-4668-BE54-9A1E7A4F7556}") = "Domain", "Domain\Domain.csproj", "{C5E29F13-D1CB-40CC-A191-80B2A7FC8C73}"
EndProject
Project("{9A19103F-16F7-4668-BE54-9A1E7A4F7556}") = "Application", "Application\Application.csproj", "{3D079587-978F-4EEB-8308-FC95D5E31545}"
EndProject
Project("{9A19103F-16F7-4668-BE54-9A1E7A4F7556}") = "Infrastructure", "Infrastructure\Infrastructure.csproj", "{08CE71CE-F1AB-492F-875A-591D60AFCE29}"
EndProject
Project("{9A19103F-16F7-4668-BE54-9A1E7A4F7556}") = "Infrastructure.Data", "Infrastructure.Data\Infrastructure.Data.csproj", "{986F6F88-0F92-4079-846A-58598E37BBA1}"
EndProject
Project("{9A19103F-16F7-4668-BE54-9A1E7A4F7556}") = "Infrastructure.IoC", "Infrastructure.IoC\Infrastructure.IoC.csproj", "{8FD1BAEE-312E-4AEC-99DB-EF3FAFC81CDF}"
EndProject
Project("{9A19103F-16F7-4668-BE54-9A1E7A4F7556}") = "Web", "Web\Web.csproj", "{52BF489E-4E31-4D9F-8ED1-8A860B4768BD}"
EndProject
Global
	GlobalSection(SolutionConfigurationPlatforms) = preSolution
		Debug|Any CPU = Debug|Any CPU
		Release|Any CPU = Release|Any CPU
	EndGlobalSection
	GlobalSection(ProjectConfigurationPlatforms) = postSolution
		{C5E29F13-D1CB-40CC-A191-80B2A7FC8C73}.Debug|Any CPU.ActiveCfg = Debug|Any CPU
		{C5E29F13-D1CB-40CC-A191-80B2A7FC8C73}.Debug|Any CPU.Build.0 = Debug|Any CPU
		{C5E29F13-D1CB-40CC-A191-80B2A7FC8C73}.Release|Any CPU.ActiveCfg = Release|Any CPU
		{C5E29F13-D1CB-40CC-A191-80B2A7FC8C73}.Release|Any CPU.Build.0 = Release|Any CPU
		{3D079587-978F-4EEB-8308-FC95D5E31545}.Debug|Any CPU.ActiveCfg = Debug|Any CPU
		{3D079587-978F-4EEB-8308-FC95D5E31545}.Debug|Any CPU.Build.0 = Debug|Any CPU
		{3D079587-978F-4EEB-8308-FC95D5E31545}.Release|Any CPU.ActiveCfg = Release|Any CPU
		{3D079587-978F-4EEB-8308-FC95D5E31545}.Release|Any CPU.Build.0 = Release|Any CPU
		{08CE71CE-F1AB-492F-875A-591D60AFCE29}.Debug|Any CPU.ActiveCfg = Debug|Any CPU
		{08CE71CE-F1AB-492F-875A-591D60AFCE29}.Debug|Any CPU.Build.0 = Debug|Any CPU
		{08CE71CE-F1AB-492F-875A-591D60AFCE29}.Release|Any CPU.ActiveCfg = Release|Any CPU
		{08CE71CE-F1AB-492F-875A-591D60AFCE29}.Release|Any CPU.Build.0 = Release|Any CPU
		{986F6F88-0F92-4079-846A-58598E37BBA1}.Debug|Any CPU.ActiveCfg = Debug|Any CPU
		{986F6F88-0F92-4079-846A-58598E37BBA1}.Debug|Any CPU.Build.0 = Debug|Any CPU
		{986F6F88-0F92-4079-846A-58598E37BBA1}.Release|Any CPU.ActiveCfg = Release|Any CPU
		{986F6F88-0F92-4079-846A-58598E37BBA1}.Release|Any CPU.Build.0 = Release|Any CPU
		{8FD1BAEE-312E-4AEC-99DB-EF3FAFC81CDF}.Debug|Any CPU.ActiveCfg = Debug|Any CPU
		{8FD1BAEE-312E-4AEC-99DB-EF3FAFC81CDF}.Debug|Any CPU.Build.0 = Debug|Any CPU
		{8FD1BAEE-312E-4AEC-99DB-EF3FAFC81CDF}.Release|Any CPU.ActiveCfg = Release|Any CPU
		{8FD1BAEE-312E-4AEC-99DB-EF3FAFC81CDF}.Release|Any CPU.Build.0 = Release|Any CPU
		{52BF489E-4E31-4D9F-8ED1-8A860B4768BD}.Debug|Any CPU.ActiveCfg = Debug|Any CPU
		{52BF489E-4E31-4D9F-8ED1-8A860B4768BD}.Debug|Any CPU.Build.0 = Debug|Any CPU
		{52BF489E-4E31-4D9F-8ED1-8A860B4768BD}.Release|Any CPU.ActiveCfg = Release|Any CPU
		{52BF489E-4E31-4D9F-8ED1-8A860B4768BD}.Release|Any CPU.Build.0 = Release|Any CPU
	EndGlobalSection
	GlobalSection(SolutionProperties) = preSolution
		HideSolutionNode = FALSE
	EndGlobalSection
	GlobalSection(ExtensibilityGlobals) = postSolution
		SolutionGuid = {E7EC1CAC-358F-4EF4-AA05-8CA8B2122C23}
	EndGlobalSection
EndGlobal
